
Microsoft Visual Studio Solution File, Format Version 12.00
# Visual Studio 14
VisualStudioVersion = 14.0.25420.1
MinimumVisualStudioVersion = 10.0.40219.1
Project("{2150E333-8FDC-42A3-9474-1A3956D46DE8}") = "src", "src", "{131D0F65-E0B4-48B2-A1AD-48D98F0AACF5}"
EndProject
Project("{2150E333-8FDC-42A3-9474-1A3956D46DE8}") = "Solution Items", "Solution Items", "{4C681AC4-B7C1-4F7D-985A-065D1F8BEEC2}"
	ProjectSection(SolutionItems) = preProject
		global.json = global.json
	EndProjectSection
EndProject
Project("{8BB2217D-0F2D-49D1-97BC-3654ED321F3B}") = "zoo", "src\zoo\zoo.xproj", "{FF6F905C-8A69-4315-B5DB-99F02931B018}"
EndProject
Global
	GlobalSection(SolutionConfigurationPlatforms) = preSolution
		Debug|Any CPU = Debug|Any CPU
		Release|Any CPU = Release|Any CPU
	EndGlobalSection
	GlobalSection(ProjectConfigurationPlatforms) = postSolution
		{FF6F905C-8A69-4315-B5DB-99F02931B018}.Debug|Any CPU.ActiveCfg = Debug|Any CPU
		{FF6F905C-8A69-4315-B5DB-99F02931B018}.Debug|Any CPU.Build.0 = Debug|Any CPU
		{FF6F905C-8A69-4315-B5DB-99F02931B018}.Release|Any CPU.ActiveCfg = Release|Any CPU
		{FF6F905C-8A69-4315-B5DB-99F02931B018}.Release|Any CPU.Build.0 = Release|Any CPU
	EndGlobalSection
	GlobalSection(SolutionProperties) = preSolution
		HideSolutionNode = FALSE
	EndGlobalSection
	GlobalSection(NestedProjects) = preSolution
		{FF6F905C-8A69-4315-B5DB-99F02931B018} = {131D0F65-E0B4-48B2-A1AD-48D98F0AACF5}
	EndGlobalSection
EndGlobal
